// !$*UTF8*$!
{
	archiveVersion = 1;
	classes = {
	};
	objectVersion = 46;
	objects = {

/* Begin PBXBuildFile section */
		5AF628E91C7AD1F00001B44A /* main.m in Sources */ = {isa = PBXBuildFile; fileRef = 5AF628E81C7AD1F00001B44A /* main.m */; };
		5AF628EC1C7AD1F00001B44A /* AppDelegate.m in Sources */ = {isa = PBXBuildFile; fileRef = 5AF628EB1C7AD1F00001B44A /* AppDelegate.m */; };
		5AF628EF1C7AD1F00001B44A /* ViewController.m in Sources */ = {isa = PBXBuildFile; fileRef = 5AF628EE1C7AD1F00001B44A /* ViewController.m */; };
		5AF628F21C7AD1F00001B44A /* Main.storyboard in Resources */ = {isa = PBXBuildFile; fileRef = 5AF628F01C7AD1F00001B44A /* Main.storyboard */; };
		5AF628F41C7AD1F10001B44A /* Assets.xcassets in Resources */ = {isa = PBXBuildFile; fileRef = 5AF628F31C7AD1F10001B44A /* Assets.xcassets */; };
		5AF628F71C7AD1F10001B44A /* LaunchScreen.storyboard in Resources */ = {isa = PBXBuildFile; fileRef = 5AF628F51C7AD1F10001B44A /* LaunchScreen.storyboard */; };
/* End PBXBuildFile section */

/* Begin PBXFileReference section */
		5AF628E41C7AD1F00001B44A /* NavigationControllerTest.app */ = {isa = PBXFileReference; explicitFileType = wrapper.application; includeInIndex = 0; path = NavigationControllerTest.app; sourceTree = BUILT_PRODUCTS_DIR; };
		5AF628E81C7AD1F00001B44A /* main.m */ = {isa = PBXFileReference; lastKnownFileType = sourcecode.c.objc; path = main.m; sourceTree = "<group>"; };
		5AF628EA1C7AD1F00001B44A /* AppDelegate.h */ = {isa = PBXFileReference; lastKnownFileType = sourcecode.c.h; path = AppDelegate.h; sourceTree = "<group>"; };
		5AF628EB1C7AD1F00001B44A /* AppDelegate.m */ = {isa = PBXFileReference; lastKnownFileType = sourcecode.c.objc; path = AppDelegate.m; sourceTree = "<group>"; };
		5AF628ED1C7AD1F00001B44A /* ViewController.h */ = {isa = PBXFileReference; lastKnownFileType = sourcecode.c.h; path = ViewController.h; sourceTree = "<group>"; };
		5AF628EE1C7AD1F00001B44A /* ViewController.m */ = {isa = PBXFileReference; lastKnownFileType = sourcecode.c.objc; path = ViewController.m; sourceTree = "<group>"; };
		5AF628F11C7AD1F00001B44A /* Base */ = {isa = PBXFileReference; lastKnownFileType = file.storyboard; name = Base; path = Base.lproj/Main.storyboard; sourceTree = "<group>"; };
		5AF628F31C7AD1F10001B44A /* Assets.xcassets */ = {isa = PBXFileReference; lastKnownFileType = folder.assetcatalog; path = Assets.xcassets; sourceTree = "<group>"; };
		5AF628F61C7AD1F10001B44A /* Base */ = {isa = PBXFileReference; lastKnownFileType = file.storyboard; name = Base; path = Base.lproj/LaunchScreen.storyboard; sourceTree = "<group>"; };
		5AF628F81C7AD1F10001B44A /* Info.plist */ = {isa = PBXFileReference; lastKnownFileType = text.plist.xml; path = Info.plist; sourceTree = "<group>"; };
/* End PBXFileReference section */

/* Begin PBXFrameworksBuildPhase section */
		5AF628E11C7AD1F00001B44A /* Frameworks */ = {
			isa = PBXFrameworksBuildPhase;
			buildActionMask = 2147483647;
			files = (
			);
			runOnlyForDeploymentPostprocessing = 0;
		};
/* End PBXFrameworksBuildPhase section */

/* Begin PBXGroup section */
		5AF628DB1C7AD1F00001B44A = {
			isa = PBXGroup;
			children = (
				5AF628E61C7AD1F00001B44A /* NavigationControllerTest */,
				5AF628E51C7AD1F00001B44A /* Products */,
			);
			sourceTree = "<group>";
		};
		5AF628E51C7AD1F00001B44A /* Products */ = {
			isa = PBXGroup;
			children = (
				5AF628E41C7AD1F00001B44A /* NavigationControllerTest.app */,
			);
			name = Products;
			sourceTree = "<group>";
		};
		5AF628E61C7AD1F00001B44A /* NavigationControllerTest */ = {
			isa = PBXGroup;
			children = (
				5AF628EA1C7AD1F00001B44A /* AppDelegate.h */,
				5AF628EB1C7AD1F00001B44A /* AppDelegate.m */,
				5AF628ED1C7AD1F00001B44A /* ViewController.h */,
				5AF628EE1C7AD1F00001B44A /* ViewController.m */,
				5AF628F01C7AD1F00001B44A /* Main.storyboard */,
				5AF628F31C7AD1F10001B44A /* Assets.xcassets */,
				5AF628F51C7AD1F10001B44A /* LaunchScreen.storyboard */,
				5AF628F81C7AD1F10001B44A /* Info.plist */,
				5AF628E71C7AD1F00001B44A /* Supporting Files */,
			);
			path = NavigationControllerTest;
			sourceTree = "<group>";
		};
		5AF628E71C7AD1F00001B44A /* Supporting Files */ = {
			isa = PBXGroup;
			children = (
				5AF628E81C7AD1F00001B44A /* main.m */,
			);
			name = "Supporting Files";
			sourceTree = "<group>";
		};
/* End PBXGroup section */

/* Begin PBXNativeTarget section */
		5AF628E31C7AD1F00001B44A /* NavigationControllerTest */ = {
			isa = PBXNativeTarget;
			buildConfigurationList = 5AF628FB1C7AD1F10001B44A /* Build configuration list for PBXNativeTarget "NavigationControllerTest" */;
			buildPhases = (
				5AF628E01C7AD1F00001B44A /* Sources */,
				5AF628E11C7AD1F00001B44A /* Frameworks */,
				5AF628E21C7AD1F00001B44A /* Resources */,
			);
			buildRules = (
			);
			dependencies = (
			);
			name = NavigationControllerTest;
			productName = NavigationControllerTest;
			productReference = 5AF628E41C7AD1F00001B44A /* NavigationControllerTest.app */;
			productType = "com.apple.product-type.application";
		};
/* End PBXNativeTarget section */

/* Begin PBXProject section */
		5AF628DC1C7AD1F00001B44A /* Project object */ = {
			isa = PBXProject;
			attributes = {
				LastUpgradeCheck = 0720;
				ORGANIZATIONNAME = "Anatoliy Goodz";
				TargetAttributes = {
					5AF628E31C7AD1F00001B44A = {
						CreatedOnToolsVersion = 7.2.1;
						DevelopmentTeam = 57FHD3VWGT;
					};
				};
			};
			buildConfigurationList = 5AF628DF1C7AD1F00001B44A /* Build configuration list for PBXProject "NavigationControllerTest" */;
			compatibilityVersion = "Xcode 3.2";
			developmentRegion = English;
			hasScannedForEncodings = 0;
			knownRegions = (
				en,
				Base,
			);
			mainGroup = 5AF628DB1C7AD1F00001B44A;
			productRefGroup = 5AF628E51C7AD1F00001B44A /* Products */;
			projectDirPath = "";
			projectRoot = "";
			targets = (
				5AF628E31C7AD1F00001B44A /* NavigationControllerTest */,
			);
		};
/* End PBXProject section */

/* Begin PBXResourcesBuildPhase section */
		5AF628E21C7AD1F00001B44A /* Resources */ = {
			isa = PBXResourcesBuildPhase;
			buildActionMask = 2147483647;
			files = (
				5AF628F71C7AD1F10001B44A /* LaunchScreen.storyboard in Resources */,
				5AF628F41C7AD1F10001B44A /* Assets.xcassets in Resources */,
				5AF628F21C7AD1F00001B44A /* Main.storyboard in Resources */,
			);
			runOnlyForDeploymentPostprocessing = 0;
		};
/* End PBXResourcesBuildPhase section */

/* Begin PBXSourcesBuildPhase section */
		5AF628E01C7AD1F00001B44A /* Sources */ = {
			isa = PBXSourcesBuildPhase;
			buildActionMask = 2147483647;
			files = (
				5AF628EF1C7AD1F00001B44A /* ViewController.m in Sources */,
				5AF628EC1C7AD1F00001B44A /* AppDelegate.m in Sources */,
				5AF628E91C7AD1F00001B44A /* main.m in Sources */,
			);
			runOnlyForDeploymentPostprocessing = 0;
		};
/* End PBXSourcesBuildPhase section */

/* Begin PBXVariantGroup section */
		5AF628F01C7AD1F00001B44A /* Main.storyboard */ = {
			isa = PBXVariantGroup;
			children = (
				5AF628F11C7AD1F00001B44A /* Base */,
			);
			name = Main.storyboard;
			sourceTree = "<group>";
		};
		5AF628F51C7AD1F10001B44A /* LaunchScreen.storyboard */ = {
			isa = PBXVariantGroup;
			children = (
				5AF628F61C7AD1F10001B44A /* Base */,
			);
			name = LaunchScreen.storyboard;
			sourceTree = "<group>";
		};
/* End PBXVariantGroup section */

/* Begin XCBuildConfiguration section */
		5AF628F91C7AD1F10001B44A /* Debug */ = {
			isa = XCBuildConfiguration;
			buildSettings = {
				ALWAYS_SEARCH_USER_PATHS = NO;
				CLANG_CXX_LANGUAGE_STANDARD = "gnu++0x";
				CLANG_CXX_LIBRARY = "libc++";
				CLANG_ENABLE_MODULES = YES;
				CLANG_ENABLE_OBJC_ARC = YES;
				CLANG_WARN_BOOL_CONVERSION = YES;
				CLANG_WARN_CONSTANT_CONVERSION = YES;
				CLANG_WARN_DIRECT_OBJC_ISA_USAGE = YES_ERROR;
				CLANG_WARN_EMPTY_BODY = YES;
				CLANG_WARN_ENUM_CONVERSION = YES;
				CLANG_WARN_INT_CONVERSION = YES;
				CLANG_WARN_OBJC_ROOT_CLASS = YES_ERROR;
				CLANG_WARN_UNREACHABLE_CODE = YES;
				CLANG_WARN__DUPLICATE_METHOD_MATCH = YES;
				"CODE_SIGN_IDENTITY[sdk=iphoneos*]" = "iPhone Developer";
				COPY_PHASE_STRIP = NO;
				DEBUG_INFORMATION_FORMAT = dwarf;
				ENABLE_STRICT_OBJC_MSGSEND = YES;
				ENABLE_TESTABILITY = YES;
				GCC_C_LANGUAGE_STANDARD = gnu99;
				GCC_DYNAMIC_NO_PIC = NO;
				GCC_NO_COMMON_BLOCKS = YES;
				GCC_OPTIMIZATION_LEVEL = 0;
				GCC_PREPROCESSOR_DEFINITIONS = (
					"DEBUG=1",
					"$(inherited)",
				);
				GCC_WARN_64_TO_32_BIT_CONVERSION = YES;
				GCC_WARN_ABOUT_RETURN_TYPE = YES_ERROR;
				GCC_WARN_UNDECLARED_SELECTOR = YES;
				GCC_WARN_UNINITIALIZED_AUTOS = YES_AGGRESSIVE;
				GCC_WARN_UNUSED_FUNCTION = YES;
				GCC_WARN_UNUSED_VARIABLE = YES;
				IPHONEOS_DEPLOYMENT_TARGET = 9.2;
				MTL_ENABLE_DEBUG_INFO = YES;
				ONLY_ACTIVE_ARCH = YES;
				SDKROOT = iphoneos;
				TARGETED_DEVICE_FAMILY = "1,2";
			};
			name = Debug;
		};
		5AF628FA1C7AD1F10001B44A /* Release */ = {
			isa = XCBuildConfiguration;
			buildSettings = {
				ALWAYS_SEARCH_USER_PATHS = NO;
				CLANG_CXX_LANGUAGE_STANDARD = "gnu++0x";
				CLANG_CXX_LIBRARY = "libc++";
				CLANG_ENABLE_MODULES = YES;
				CLANG_ENABLE_OBJC_ARC = YES;
				CLANG_WARN_BOOL_CONVERSION = YES;
				CLANG_WARN_CONSTANT_CONVERSION = YES;
				CLANG_WARN_DIRECT_OBJC_ISA_USAGE = YES_ERROR;
				CLANG_WARN_EMPTY_BODY = YES;
				CLANG_WARN_ENUM_CONVERSION = YES;
				CLANG_WARN_INT_CONVERSION = YES;
				CLANG_WARN_OBJC_ROOT_CLASS = YES_ERROR;
				CLANG_WARN_UNREACHABLE_CODE = YES;
				CLANG_WARN__DUPLICATE_METHOD_MATCH = YES;
				"CODE_SIGN_IDENTITY[sdk=iphoneos*]" = "iPhone Developer";
				COPY_PHASE_STRIP = NO;
				DEBUG_INFORMATION_FORMAT = "dwarf-with-dsym";
				ENABLE_NS_ASSERTIONS = NO;
				ENABLE_STRICT_OBJC_MSGSEND = YES;
				GCC_C_LANGUAGE_STANDARD = gnu99;
				GCC_NO_COMMON_BLOCKS = YES;
				GCC_WARN_64_TO_32_BIT_CONVERSION = YES;
				GCC_WARN_ABOUT_RETURN_TYPE = YES_ERROR;
				GCC_WARN_UNDECLARED_SELECTOR = YES;
				GCC_WARN_UNINITIALIZED_AUTOS = YES_AGGRESSIVE;
				GCC_WARN_UNUSED_FUNCTION = YES;
				GCC_WARN_UNUSED_VARIABLE = YES;
				IPHONEOS_DEPLOYMENT_TARGET = 9.2;
				MTL_ENABLE_DEBUG_INFO = NO;
				SDKROOT = iphoneos;
				TARGETED_DEVICE_FAMILY = "1,2";
				VALIDATE_PRODUCT = YES;
			};
			name = Release;
		};
		5AF628FC1C7AD1F10001B44A /* Debug */ = {
			isa = XCBuildConfiguration;
			buildSettings = {
				ASSETCATALOG_COMPILER_APPICON_NAME = AppIcon;
				INFOPLIST_FILE = NavigationControllerTest/Info.plist;
				LD_RUNPATH_SEARCH_PATHS = "$(inherited) @executable_path/Frameworks";
				PRODUCT_BUNDLE_IDENTIFIER = "Anatoliy-Goodz.NavigationControllerTest";
				PRODUCT_NAME = "$(TARGET_NAME)";
			};
			name = Debug;
		};
		5AF628FD1C7AD1F10001B44A /* Release */ = {
			isa = XCBuildConfiguration;
			buildSettings = {
				ASSETCATALOG_COMPILER_APPICON_NAME = AppIcon;
				INFOPLIST_FILE = NavigationControllerTest/Info.plist;
				LD_RUNPATH_SEARCH_PATHS = "$(inherited) @executable_path/Frameworks";
				PRODUCT_BUNDLE_IDENTIFIER = "Anatoliy-Goodz.NavigationControllerTest";
				PRODUCT_NAME = "$(TARGET_NAME)";
			};
			name = Release;
		};
/* End XCBuildConfiguration section */

/* Begin XCConfigurationList section */
		5AF628DF1C7AD1F00001B44A /* Build configuration list for PBXProject "NavigationControllerTest" */ = {
			isa = XCConfigurationList;
			buildConfigurations = (
				5AF628F91C7AD1F10001B44A /* Debug */,
				5AF628FA1C7AD1F10001B44A /* Release */,
			);
			defaultConfigurationIsVisible = 0;
			defaultConfigurationName = Release;
		};
		5AF628FB1C7AD1F10001B44A /* Build configuration list for PBXNativeTarget "NavigationControllerTest" */ = {
			isa = XCConfigurationList;
			buildConfigurations = (
				5AF628FC1C7AD1F10001B44A /* Debug */,
				5AF628FD1C7AD1F10001B44A /* Release */,
			);
			defaultConfigurationIsVisible = 0;
		};
/* End XCConfigurationList section */
	};
	rootObject = 5AF628DC1C7AD1F00001B44A /* Project object */;
}
